
Microsoft Visual Studio Solution File, Format Version 12.00
# Visual Studio 15
Project("{FAE04EC0-301F-11D3-BF4B-00C04F79EFBC}") = "RootBeer", "RootBeer\RootBeer.csproj", "{FADA79B2-552F-40FA-9BCF-90CE6FF0E046}"
EndProject
Project("{FAE04EC0-301F-11D3-BF4B-00C04F79EFBC}") = "RootBeerTest", "RootBeerTest\RootBeerTest.csproj", "{1CD64007-9DFE-4DB7-A3D8-AA15A18D9026}"
EndProject
Global
	GlobalSection(SolutionConfigurationPlatforms) = preSolution
		Debug|Any CPU = Debug|Any CPU
		Release|Any CPU = Release|Any CPU
	EndGlobalSection
	GlobalSection(ProjectConfigurationPlatforms) = postSolution
		{FADA79B2-552F-40FA-9BCF-90CE6FF0E046}.Debug|Any CPU.ActiveCfg = Debug|Any CPU
		{FADA79B2-552F-40FA-9BCF-90CE6FF0E046}.Debug|Any CPU.Build.0 = Debug|Any CPU
		{FADA79B2-552F-40FA-9BCF-90CE6FF0E046}.Release|Any CPU.ActiveCfg = Release|Any CPU
		{FADA79B2-552F-40FA-9BCF-90CE6FF0E046}.Release|Any CPU.Build.0 = Release|Any CPU
		{1CD64007-9DFE-4DB7-A3D8-AA15A18D9026}.Debug|Any CPU.ActiveCfg = Debug|Any CPU
		{1CD64007-9DFE-4DB7-A3D8-AA15A18D9026}.Debug|Any CPU.Build.0 = Debug|Any CPU
		{1CD64007-9DFE-4DB7-A3D8-AA15A18D9026}.Release|Any CPU.ActiveCfg = Release|Any CPU
		{1CD64007-9DFE-4DB7-A3D8-AA15A18D9026}.Release|Any CPU.Build.0 = Release|Any CPU
	EndGlobalSection
EndGlobal
